lockfileVersion: '9.0'

settings:
  autoInstallPeers: true
  excludeLinksFromLockfile: false

importers:

  .:
    dependencies:
      '@stacks/connect':
        specifier: ^7.10.1
        version: 7.10.2
      '@stacks/network':
        specifier: ^7.3.1
        version: 7.3.1
      '@stacks/transactions':
        specifier: ^7.3.1
        version: 7.3.1
      next:
        specifier: ^14.2.0
        version: 14.2.35(react-dom@18.3.1(react@18.3.1))(react@18.3.1)
      react:
        specifier: ^18.3.0
        version: 18.3.1
      react-dom:
        specifier: ^18.3.0
        version: 18.3.1(react@18.3.1)
    devDependencies:
      '@types/node':
        specifier: ^20
        version: 20.19.37
      '@types/react':
        specifier: ^18
        version: 18.3.28
      typescript:
        specifier: ^5
        version: 5.9.3

packages:

  '@next/env@14.2.35':
    resolution: {integrity: sha512-DuhvCtj4t9Gwrx80dmz2F4t/zKQ4ktN8WrMwOuVzkJfBilwAwGr6v16M5eI8yCuZ63H9TTuEU09Iu2HqkzFPVQ==}

  '@next/swc-darwin-arm64@14.2.33':
    resolution: {integrity: sha512-HqYnb6pxlsshoSTubdXKu15g3iivcbsMXg4bYpjL2iS/V6aQot+iyF4BUc2qA/J/n55YtvE4PHMKWBKGCF/+wA==}
    engines: {node: '>= 10'}
    cpu: [arm64]
    os: [darwin]

  '@next/swc-darwin-x64@14.2.33':
    resolution: {integrity: sha512-8HGBeAE5rX3jzKvF593XTTFg3gxeU4f+UWnswa6JPhzaR6+zblO5+fjltJWIZc4aUalqTclvN2QtTC37LxvZAA==}
    engines: {node: '>= 10'}
    cpu: [x64]
    os: [darwin]

  '@next/swc-linux-arm64-gnu@14.2.33':
    resolution: {integrity: sha512-JXMBka6lNNmqbkvcTtaX8Gu5by9547bukHQvPoLe9VRBx1gHwzf5tdt4AaezW85HAB3pikcvyqBToRTDA4DeLw==}
    engines: {node: '>= 10'}
    cpu: [arm64]
    os: [linux]
    libc: [glibc]

  '@next/swc-linux-arm64-musl@14.2.33':
    resolution: {integrity: sha512-Bm+QulsAItD/x6Ih8wGIMfRJy4G73tu1HJsrccPW6AfqdZd0Sfm5Imhgkgq2+kly065rYMnCOxTBvmvFY1BKfg==}
    engines: {node: '>= 10'}
    cpu: [arm64]
    os: [linux]
    libc: [musl]

  '@next/swc-linux-x64-gnu@14.2.33':
    resolution: {integrity: sha512-FnFn+ZBgsVMbGDsTqo8zsnRzydvsGV8vfiWwUo1LD8FTmPTdV+otGSWKc4LJec0oSexFnCYVO4hX8P8qQKaSlg==}
    engines: {node: '>= 10'}
    cpu: [x64]
    os: [linux]
    libc: [glibc]

  '@next/swc-linux-x64-musl@14.2.33':
    resolution: {integrity: sha512-345tsIWMzoXaQndUTDv1qypDRiebFxGYx9pYkhwY4hBRaOLt8UGfiWKr9FSSHs25dFIf8ZqIFaPdy5MljdoawA==}
    engines: {node: '>= 10'}
    cpu: [x64]
    os: [linux]
    libc: [musl]

  '@next/swc-win32-arm64-msvc@14.2.33':
    resolution: {integrity: sha512-nscpt0G6UCTkrT2ppnJnFsYbPDQwmum4GNXYTeoTIdsmMydSKFz9Iny2jpaRupTb+Wl298+Rh82WKzt9LCcqSQ==}
    engines: {node: '>= 10'}
    cpu: [arm64]
    os: [win32]

  '@next/swc-win32-ia32-msvc@14.2.33':
    resolution: {integrity: sha512-pc9LpGNKhJ0dXQhZ5QMmYxtARwwmWLpeocFmVG5Z0DzWq5Uf0izcI8tLc+qOpqxO1PWqZ5A7J1blrUIKrIFc7Q==}
    engines: {node: '>= 10'}
    cpu: [ia32]
    os: [win32]

  '@next/swc-win32-x64-msvc@14.2.33':
    resolution: {integrity: sha512-nOjfZMy8B94MdisuzZo9/57xuFVLHJaDj5e/xrduJp9CV2/HrfxTRH2fbyLe+K9QT41WBLUd4iXX3R7jBp0EUg==}
    engines: {node: '>= 10'}
    cpu: [x64]
    os: [win32]

  '@noble/hashes@1.1.5':
    resolution: {integrity: sha512-LTMZiiLc+V4v1Yi16TD6aX2gmtKszNye0pQgbaLqkvhIqP7nVsSaJsWloGQjJfJ8offaoP5GtX3yY5swbcJxxQ==}

  '@noble/hashes@1.8.0':
    resolution: {integrity: sha512-jCs9ldd7NwzpgXDIf6P3+NrHh9/sD6CQdxHyjQI+h/6rDNo88ypBxxz45UDuZHz9r3tNz7N/VInSVoVdtXEI4A==}
    engines: {node: ^14.21.3 || >=16}

  '@noble/secp256k1@1.7.1':
    resolution: {integrity: sha512-hOUk6AyBFmqVrv7k5WAw/LpszxVbj9gGN4JRkIX52fdFAj1UA61KXmZDvqVEm+pOyec3+fIeZB02LYa/pWOArw==}

  '@noble/secp256k1@1.7.2':
    resolution: {integrity: sha512-/qzwYl5eFLH8OWIecQWM31qld2g1NfjgylK+TNhqtaUKP37Nm+Y+z30Fjhw0Ct8p9yCQEm2N3W/AckdIb3SMcQ==}

  '@scure/base@1.1.9':
    resolution: {integrity: sha512-8YKhl8GHiNI/pU2VMaofa2Tor7PJRAjwQLBBuilkJ9L5+13yVbC7JO/wS7piioAvPSwR3JKM1IJ/u4xQzbcXKg==}

  '@scure/bip39@1.1.0':
    resolution: {integrity: sha512-pwrPOS16VeTKg98dYXQyIjJEcWfz7/1YJIwxUEPFfQPtc86Ym/1sVgQ2RLoD43AazMk2l/unK4ITySSpW2+82w==}

  '@stacks/auth@7.3.1':
    resolution: {integrity: sha512-8zjQrnthhymJruSWYuP17IRx+c0k8LrOZYH9DRyaTzjEZ+pbvsRUM9v7hH1aGr2LG94BI9249qXpCtGWorVI+g==}

  '@stacks/common@6.16.0':
    resolution: {integrity: sha512-PnzvhrdGRMVZvxTulitlYafSK4l02gPCBBoI9QEoTqgSnv62oaOXhYAUUkTMFKxdHW1seVEwZsrahuXiZPIAwg==}

  '@stacks/common@7.3.1':
    resolution: {integrity: sha512-29ANTFcSSlXnGQlgDVWg7OQ74lgQhu3x8JkeN19Q+UE/1lbQrzcctgPHG74XHjWNp8NPBqskUYA8/HLgIKuKNQ==}

  '@stacks/connect-ui@6.6.0':
    resolution: {integrity: sha512-uc22RH99umYzB94h5LiKPtGu34IBGrwUb3TfijGb2ZMudaMCiv/Fr1jjZKfQW5MRmexnbAEmGZpFlQKinCcsUA==}

  '@stacks/connect@7.10.2':
    resolution: {integrity: sha512-fQcdayBgq9XZnX4rqQxa//Gx9c0ycrmrZT9dZ01uHDlIr/ZxwU18d5A3hyYv4F7LQYQQkFr9htpVTlH0RSqWUw==}

  '@stacks/encryption@7.3.1':
    resolution: {integrity: sha512-hCY61gd4PVr5LUZKOuzWfPLmuPrIGEapd1LkMintToJ+F3R/x0T+iIJVnJf2Y1l0cJsc4Xxq/TWCBeEAfybScg==}

  '@stacks/network@6.17.0':
    resolution: {integrity: sha512-numHbfKjwco/rbkGPOEz8+FcJ2nBnS/tdJ8R422Q70h3SiA9eqk9RjSzB8p4JP8yW1SZvW+eihADHfMpBuZyfw==}

  '@stacks/network@7.3.1':
    resolution: {integrity: sha512-dQjhcwkz8lihSYSCUMf7OYeEh/Eh0++NebDtXbIB3pHWTvNCYEH7sxhYTB1iyunurv31/QEi0RuWdlfXK/BjeA==}

  '@stacks/profile@7.3.1':
    resolution: {integrity: sha512-fjysyN29e0mZYN3PHkZAE+6w3cfWInamDYmKLLi+wTIw0ds4YRk0CaPnMHlanVybqdIQ84yeghETNL/+o+QxEQ==}

  '@stacks/transactions@6.17.0':
    resolution: {integrity: sha512-FUah2BRgV66ApLcEXGNGhwyFTRXqX5Zco3LpiM3essw8PF0NQlHwwdPgtDko5RfrJl3LhGXXe/30nwsfNnB3+g==}

  '@stacks/transactions@7.3.1':
    resolution: {integrity: sha512-ufnC1BPrOKz5b5gxxdseP3vBrFq1+qx1L6t+J/QnjXULyWdkhtS+LBEqRw2bL5qNteMvU2GhqPgFtYQPzolGbw==}

  '@stencil/core@2.22.3':
    resolution: {integrity: sha512-kmVA0M/HojwsfkeHsifvHVIYe4l5tin7J5+DLgtl8h6WWfiMClND5K3ifCXXI2ETDNKiEk21p6jql3Fx9o2rng==}
    engines: {node: '>=12.10.0', npm: '>=6.0.0'}
    hasBin: true

  '@swc/counter@0.1.3':
    resolution: {integrity: sha512-e2BR4lsJkkRlKZ/qCHPw9ZaSxc0MVUd7gtbtaB7aMvHeJVYe8sOB8DBZkP2DtISHGSku9sCK6T6cnY0CtXrOCQ==}

  '@swc/helpers@0.5.5':
    resolution: {integrity: sha512-KGYxvIOXcceOAbEk4bi/dVLEK9z8sZ0uBB3Il5b1rhfClSpcX0yfRO0KmTkqR2cnQDymwLB+25ZyMzICg/cm/A==}

  '@types/bn.js@5.2.0':
    resolution: {integrity: sha512-DLbJ1BPqxvQhIGbeu8VbUC1DiAiahHtAYvA0ZEAa4P31F7IaArc8z3C3BRQdWX4mtLQuABG4yzp76ZrS02Ui1Q==}

  '@types/node@18.19.130':
    resolution: {integrity: sha512-GRaXQx6jGfL8sKfaIDD6OupbIHBr9jv7Jnaml9tB7l4v068PAOXqfcujMMo5PhbIs6ggR1XODELqahT2R8v0fg==}

  '@types/node@20.19.37':
    resolution: {integrity: sha512-8kzdPJ3FsNsVIurqBs7oodNnCEVbni9yUEkaHbgptDACOPW04jimGagZ51E6+lXUwJjgnBw+hyko/lkFWCldqw==}

  '@types/prop-types@15.7.15':
    resolution: {integrity: sha512-F6bEyamV9jKGAFBEmlQnesRPGOQqS2+Uwi0Em15xenOxHaf2hv6L8YCVn3rPdPJOiJfPiCnLIRyvwVaqMY3MIw==}

  '@types/react@18.3.28':
    resolution: {integrity: sha512-z9VXpC7MWrhfWipitjNdgCauoMLRdIILQsAEV+ZesIzBq/oUlxk0m3ApZuMFCXdnS4U7KrI+l3WRUEGQ8K1QKw==}

  async@2.6.4:
    resolution: {integrity: sha512-mzo5dfJYwAn29PeiJ0zvwTo04zj8HDJj0Mn8TD7sno7q12prdbnasKJHhkm2c1LgrhlJ0teaea8860oxi51mGA==}

  base-x@4.0.1:
    resolution: {integrity: sha512-uAZ8x6r6S3aUM9rbHGVOIsR15U/ZSc82b3ymnCPsT45Gk1DDvhDPdIgB5MrhirZWt+5K0EEPQH985kNqZgNPFw==}

  base64-js@1.5.1:
    resolution: {integrity: sha512-AKpaYlHn8t4SVbOHCy+b5+KKgvR4vrsD8vbvrbiQJps7fKDTkjkDry6ji0rUJjC0kzbNePLwzxq8iypo41qeWA==}

  bs58@5.0.0:
    resolution: {integrity: sha512-r+ihvQJvahgYT50JD05dyJNKlmmSlMoOGwn1lCcEzanPglg7TxYjioQUYehQ9mAR/+hOSd2jRc/Z2y5UxBymvQ==}

  busboy@1.6.0:
    resolution: {integrity: sha512-8SFQbg/0hQ9xy3UNTB0YEnsNBbWfhf7RtnzpL7TkBiTBRfrQ9Fxcnz7VJsleJpyp6rVLvXiuORqjlHi5q+PYuA==}
    engines: {node: '>=10.16.0'}

  c32check@2.0.0:
    resolution: {integrity: sha512-rpwfAcS/CMqo0oCqDf3r9eeLgScRE3l/xHDCXhM3UyrfvIn7PrLq63uHh7yYbv8NzaZn5MVsVhIRpQ+5GZ5HyA==}
    engines: {node: '>=8'}

  caniuse-lite@1.0.30001780:
    resolution: {integrity: sha512-llngX0E7nQci5BPJDqoZSbuZ5Bcs9F5db7EtgfwBerX9XGtkkiO4NwfDDIRzHTTwcYC8vC7bmeUEPGrKlR/TkQ==}

  client-only@0.0.1:
    resolution: {integrity: sha512-IV3Ou0jSMzZrd3pZ48nLkT9DA7Ag1pnPzaiQhpW7c3RbcqqzvzzVu+L8gfqMp/8IM2MQtSiqaCxrrcfu8I8rMA==}

  cross-fetch@3.2.0:
    resolution: {integrity: sha512-Q+xVJLoGOeIMXZmbUK4HYk+69cQH6LudR0Vu/pRm2YlU/hDV9CiS0gKUMaWY5f2NeUH9C1nV3bsTlCo0FsTV1Q==}

  csstype@3.2.3:
    resolution: {integrity: sha512-z1HGKcYy2xA8AGQfwrn0PAy+PB7X/GSj3UVJW9qKyn43xWa+gl5nXmU4qqLMRzWVLFC8KusUX8T/0kCiOYpAIQ==}

  graceful-fs@4.2.11:
    resolution: {integrity: sha512-RbJ5/jmFcNNCcDV5o9eTnBLJ/HszWV0P73bc+Ff4nS/rJj+YaS6IGyiOL0VoBYX+l1Wrl3k63h/KrH+nhJ0XvQ==}

  js-tokens@4.0.0:
    resolution: {integrity: sha512-RdJUflcE3cUzKiMqQgsCu06FPu9UdIJO0beYbPhHN4k6apgJtifcoCtT9bcxOpYBtpD2kCM6Sbzg4CausW/PKQ==}

  jsontokens@4.0.1:
    resolution: {integrity: sha512-+MO415LEN6M+3FGsRz4wU20g7N2JA+2j9d9+pGaNJHviG4L8N0qzavGyENw6fJqsq9CcrHOIL6iWX5yeTZ86+Q==}

  lodash.clonedeep@4.5.0:
    resolution: {integrity: sha512-H5ZhCF25riFd9uB5UCkVKo61m3S/xZk1x4wA6yp/L3RFP6Z/eHH1ymQcGLo7J3GMPfm0V/7m1tryHuGVxpqEBQ==}

  lodash@4.17.23:
    resolution: {integrity: sha512-LgVTMpQtIopCi79SJeDiP0TfWi5CNEc/L/aRdTh3yIvmZXTnheWpKjSZhnvMl8iXbC1tFg9gdHHDMLoV7CnG+w==}

  loose-envify@1.4.0:
    resolution: {integrity: sha512-lyuxPGr/Wfhrlem2CL/UcnUc1zcqKAImBDzukY7Y5F/yQiNdko6+fRLevlw1HgMySw7f611UIY408EtxRSoK3Q==}
    hasBin: true

  nanoid@3.3.11:
    resolution: {integrity: sha512-N8SpfPUnUp1bK+PMYW8qSWdl9U+wwNWI4QKxOYDy9JAro3WMX7p2OeVRF9v+347pnakNevPmiHhNmZ2HbFA76w==}
    engines: {node: ^10 || ^12 || ^13.7 || ^14 || >=15.0.1}
    hasBin: true

  next@14.2.35:
    resolution: {integrity: sha512-KhYd2Hjt/O1/1aZVX3dCwGXM1QmOV4eNM2UTacK5gipDdPN/oHHK/4oVGy7X8GMfPMsUTUEmGlsy0EY1YGAkig==}
    engines: {node: '>=18.17.0'}
    hasBin: true
    peerDependencies:
      '@opentelemetry/api': ^1.1.0
      '@playwright/test': ^1.41.2
      react: ^18.2.0
      react-dom: ^18.2.0
      sass: ^1.3.0
    peerDependenciesMeta:
      '@opentelemetry/api':
        optional: true
      '@playwright/test':
        optional: true
      sass:
        optional: true

  node-fetch@2.7.0:
    resolution: {integrity: sha512-c4FRfUm/dbcWZ7U+1Wq0AwCyFL+3nt2bEw05wfxSz+DWpWsitgmSgYmy2dQdWyKC1694ELPqMs/YzUSNozLt8A==}
    engines: {node: 4.x || >=6.0.0}
    peerDependencies:
      encoding: ^0.1.0
    peerDependenciesMeta:
      encoding:
        optional: true

  picocolors@1.1.1:
    resolution: {integrity: sha512-xceH2snhtb5M9liqDsmEw56le376mTZkEX/jEb/RxNFyegNul7eNslCXP9FDj/Lcu0X8KEyMceP2ntpaHrDEVA==}

  postcss@8.4.31:
    resolution: {integrity: sha512-PS08Iboia9mts/2ygV3eLpY5ghnUcfLV/EXTOW1E2qYxJKGGBUtNjN76FYHnMs36RmARn41bC0AZmn+rR0OVpQ==}
    engines: {node: ^10 || ^12 || >=14}

  react-dom@18.3.1:
    resolution: {integrity: sha512-5m4nQKp+rZRb09LNH59GM4BxTh9251/ylbKIbpe7TpGxfJ+9kv6BLkLBXIjjspbgbnIBNqlI23tRnTWT0snUIw==}
    peerDependencies:
      react: ^18.3.1

  react@18.3.1:
    resolution: {integrity: sha512-wS+hAgJShR0KhEvPJArfuPVN1+Hz1t0Y6n5jLrGQbkb4urgPE/0Rve+1kMB1v/oWgHgm4WIcV+i7F2pTVj+2iQ==}
    engines: {node: '>=0.10.0'}

  ripemd160-min@0.0.6:
    resolution: {integrity: sha512-+GcJgQivhs6S9qvLogusiTcS9kQUfgR75whKuy5jIhuiOfQuJ8fjqxV6EGD5duH1Y/FawFUMtMhyeq3Fbnib8A==}
    engines: {node: '>=8'}

  safe-buffer@5.2.1:
    resolution: {integrity: sha512-rp3So07KcdmmKbGvgaNxQSJr7bGVSVk5S9Eq1F+ppbRo70+YeaDxkw5Dd8NPN+GD6bjnYm2VuPuCXmpuYvmCXQ==}

  scheduler@0.23.2:
    resolution: {integrity: sha512-UOShsPwz7NrMUqhR6t0hWjFduvOzbtv7toDH1/hIrfRNIDBnnBWd0CwJTGvTpngVlmwGCdP9/Zl/tVrDqcuYzQ==}

  schema-inspector@2.1.0:
    resolution: {integrity: sha512-3bmQVhbA01/EW8cZin4vIpqlpNU2SIy4BhKCfCgogJ3T/L76dLx3QAE+++4o+dNT33sa+SN9vOJL7iHiHFjiNg==}

  source-map-js@1.2.1:
    resolution: {integrity: sha512-UXWMKhLOwVKb728IUtQPXxfYU+usdybtUrK/8uGE8CQMvrhOpwvzDBwj0QhSL7MQc7vIsISBG8VQ8+IDQxpfQA==}
    engines: {node: '>=0.10.0'}

  streamsearch@1.1.0:
    resolution: {integrity: sha512-Mcc5wHehp9aXz1ax6bZUyY5afg9u2rv5cqQI3mRrYkGC8rW2hM02jWuwjtL++LS5qinSyhj2QfLyNsuc+VsExg==}
    engines: {node: '>=10.0.0'}

  styled-jsx@5.1.1:
    resolution: {integrity: sha512-pW7uC1l4mBZ8ugbiZrcIsiIvVx1UmTfw7UkC3Um2tmfUq9Bhk8IiyEIPl6F8agHgjzku6j0xQEZbfA5uSgSaCw==}
    engines: {node: '>= 12.0.0'}
    peerDependencies:
      '@babel/core': '*'
      babel-plugin-macros: '*'
      react: '>= 16.8.0 || 17.x.x || ^18.0.0-0'
    peerDependenciesMeta:
      '@babel/core':
        optional: true
      babel-plugin-macros:
        optional: true

  tr46@0.0.3:
    resolution: {integrity: sha512-N3WMsuqV66lT30CrXNbEjx4GEwlow3v6rr4mCcv6prnfwhS01rkgyFdjPNBYd9br7LpXV1+Emh01fHnq2Gdgrw==}

  tslib@2.8.1:
    resolution: {integrity: sha512-oJFu94HQb+KVduSUQL7wnpmqnfmLsOA/nAh6b6EH0wCEoK0/mPeXU6c3wKDV83MkOuHPRHtSXKKU99IBazS/2w==}

  typescript@5.9.3:
    resolution: {integrity: sha512-jl1vZzPDinLr9eUt3J/t7V6FgNEw9QjvBPdysz9KfQDD41fQrC2Y4vKQdiaUpFT4bXlb1RHhLpp8wtm6M5TgSw==}
    engines: {node: '>=14.17'}
    hasBin: true

  undici-types@5.26.5:
    resolution: {integrity: sha512-JlCMO+ehdEIKqlFxk6IfVoAUVmgz7cU7zD/h9XZ0qzeosSHmUJVOzSQvvYSYWXkFXC+IfLKSIffhv0sVZup6pA==}

  undici-types@6.21.0:
    resolution: {integrity: sha512-iwDZqg0QAGrg9Rav5H4n0M64c3mkR59cJ6wQp+7C4nI0gsmExaedaYLNO44eT4AtBBwjbTiGPMlt2Md0T9H9JQ==}

  varuint-bitcoin@1.1.2:
    resolution: {integrity: sha512-4EVb+w4rx+YfVM32HQX42AbbT7/1f5zwAYhIujKXKk8NQK+JfRVl3pqT3hjNn/L+RstigmGGKVwHA/P0wgITZw==}

  webidl-conversions@3.0.1:
    resolution: {integrity: sha512-2JAn3z8AR6rjK8Sm8orRC0h/bcl/DqL7tRPdGZ4I1CjdF+EaMLmYxBHyXuKL849eucPFhvBoxMsflfOb8kxaeQ==}

  whatwg-url@5.0.0:
    resolution: {integrity: sha512-saE57nupxk6v3HY35+jzBwYa0rKSy0XR8JSxZPwgLr7ys0IBzhGviA1/TUGJLmSVqs8pb9AnvICXEuOHLprYTw==}

  zone-file@2.0.0-beta.3:
    resolution: {integrity: sha512-6tE3PSRcpN5lbTTLlkLez40WkNPc9vw/u1J2j6DBiy0jcVX48nCkWrx2EC+bWHqC2SLp069Xw4AdnYn/qp/W5g==}
    engines: {node: '>=10'}

snapshots:

  '@next/env@14.2.35': {}

  '@next/swc-darwin-arm64@14.2.33':
    optional: true

  '@next/swc-darwin-x64@14.2.33':
    optional: true

  '@next/swc-linux-arm64-gnu@14.2.33':
    optional: true

  '@next/swc-linux-arm64-musl@14.2.33':
    optional: true

  '@next/swc-linux-x64-gnu@14.2.33':
    optional: true

  '@next/swc-linux-x64-musl@14.2.33':
    optional: true

  '@next/swc-win32-arm64-msvc@14.2.33':
    optional: true

  '@next/swc-win32-ia32-msvc@14.2.33':
    optional: true

  '@next/swc-win32-x64-msvc@14.2.33':
    optional: true

  '@noble/hashes@1.1.5': {}

  '@noble/hashes@1.8.0': {}

  '@noble/secp256k1@1.7.1': {}

  '@noble/secp256k1@1.7.2': {}

  '@scure/base@1.1.9': {}

  '@scure/bip39@1.1.0':
    dependencies:
      '@noble/hashes': 1.1.5
      '@scure/base': 1.1.9

  '@stacks/auth@7.3.1':
    dependencies:
      '@noble/secp256k1': 1.7.1
      '@stacks/common': 7.3.1
      '@stacks/encryption': 7.3.1
      '@stacks/network': 7.3.1
      '@stacks/profile': 7.3.1
      cross-fetch: 3.2.0
      jsontokens: 4.0.1
    transitivePeerDependencies:
      - encoding

  '@stacks/common@6.16.0':
    dependencies:
      '@types/bn.js': 5.2.0
      '@types/node': 18.19.130

  '@stacks/common@7.3.1': {}

  '@stacks/connect-ui@6.6.0':
    dependencies:
      '@stencil/core': 2.22.3

  '@stacks/connect@7.10.2':
    dependencies:
      '@stacks/auth': 7.3.1
      '@stacks/common': 7.3.1
      '@stacks/connect-ui': 6.6.0
      '@stacks/network': 7.3.1
      '@stacks/network-v6': '@stacks/network@6.17.0'
      '@stacks/profile': 7.3.1
      '@stacks/transactions': 7.3.1
      '@stacks/transactions-v6': '@stacks/transactions@6.17.0'
      jsontokens: 4.0.1
    transitivePeerDependencies:
      - encoding

  '@stacks/encryption@7.3.1':
    dependencies:
      '@noble/hashes': 1.1.5
      '@noble/secp256k1': 1.7.1
      '@scure/bip39': 1.1.0
      '@stacks/common': 7.3.1
      base64-js: 1.5.1
      bs58: 5.0.0
      ripemd160-min: 0.0.6
      varuint-bitcoin: 1.1.2

  '@stacks/network@6.17.0':
    dependencies:
      '@stacks/common': 6.16.0
      cross-fetch: 3.2.0
    transitivePeerDependencies:
      - encoding

  '@stacks/network@7.3.1':
    dependencies:
      '@stacks/common': 7.3.1
      cross-fetch: 3.2.0
    transitivePeerDependencies:
      - encoding

  '@stacks/profile@7.3.1':
    dependencies:
      '@stacks/common': 7.3.1
      '@stacks/network': 7.3.1
      '@stacks/transactions': 7.3.1
      jsontokens: 4.0.1
      schema-inspector: 2.1.0
      zone-file: 2.0.0-beta.3
    transitivePeerDependencies:
      - encoding

  '@stacks/transactions@6.17.0':
    dependencies:
      '@noble/hashes': 1.1.5
      '@noble/secp256k1': 1.7.1
      '@stacks/common': 6.16.0
      '@stacks/network': 6.17.0
      c32check: 2.0.0
      lodash.clonedeep: 4.5.0
    transitivePeerDependencies:
      - encoding

  '@stacks/transactions@7.3.1':
    dependencies:
      '@noble/hashes': 1.1.5
      '@noble/secp256k1': 1.7.1
      '@stacks/common': 7.3.1
      '@stacks/network': 7.3.1
      c32check: 2.0.0
      lodash.clonedeep: 4.5.0
    transitivePeerDependencies:
      - encoding

  '@stencil/core@2.22.3': {}

  '@swc/counter@0.1.3': {}

  '@swc/helpers@0.5.5':
    dependencies:
      '@swc/counter': 0.1.3
      tslib: 2.8.1

  '@types/bn.js@5.2.0':
    dependencies:
      '@types/node': 20.19.37

  '@types/node@18.19.130':
    dependencies:
      undici-types: 5.26.5

  '@types/node@20.19.37':
    dependencies:
      undici-types: 6.21.0

  '@types/prop-types@15.7.15': {}

  '@types/react@18.3.28':
    dependencies:
      '@types/prop-types': 15.7.15
      csstype: 3.2.3

  async@2.6.4:
    dependencies:
      lodash: 4.17.23

  base-x@4.0.1: {}

  base64-js@1.5.1: {}

  bs58@5.0.0:
    dependencies:
      base-x: 4.0.1

  busboy@1.6.0:
    dependencies:
      streamsearch: 1.1.0

  c32check@2.0.0:
    dependencies:
      '@noble/hashes': 1.1.5
      base-x: 4.0.1

  caniuse-lite@1.0.30001780: {}

  client-only@0.0.1: {}

  cross-fetch@3.2.0:
    dependencies:
      node-fetch: 2.7.0
    transitivePeerDependencies:
      - encoding

  csstype@3.2.3: {}

  graceful-fs@4.2.11: {}

  js-tokens@4.0.0: {}

  jsontokens@4.0.1:
    dependencies:
      '@noble/hashes': 1.8.0
      '@noble/secp256k1': 1.7.2
      base64-js: 1.5.1

  lodash.clonedeep@4.5.0: {}

  lodash@4.17.23: {}

  loose-envify@1.4.0:
    dependencies:
      js-tokens: 4.0.0

  nanoid@3.3.11: {}

  next@14.2.35(react-dom@18.3.1(react@18.3.1))(react@18.3.1):
    dependencies:
      '@next/env': 14.2.35
      '@swc/helpers': 0.5.5
      busboy: 1.6.0
      caniuse-lite: 1.0.30001780
      graceful-fs: 4.2.11
      postcss: 8.4.31
      react: 18.3.1
      react-dom: 18.3.1(react@18.3.1)
      styled-jsx: 5.1.1(react@18.3.1)
    optionalDependencies:
      '@next/swc-darwin-arm64': 14.2.33
      '@next/swc-darwin-x64': 14.2.33
      '@next/swc-linux-arm64-gnu': 14.2.33
      '@next/swc-linux-arm64-musl': 14.2.33
      '@next/swc-linux-x64-gnu': 14.2.33
      '@next/swc-linux-x64-musl': 14.2.33
      '@next/swc-win32-arm64-msvc': 14.2.33
      '@next/swc-win32-ia32-msvc': 14.2.33
      '@next/swc-win32-x64-msvc': 14.2.33
    transitivePeerDependencies:
      - '@babel/core'
      - babel-plugin-macros

  node-fetch@2.7.0:
    dependencies:
      whatwg-url: 5.0.0

  picocolors@1.1.1: {}

  postcss@8.4.31:
    dependencies:
      nanoid: 3.3.11
      picocolors: 1.1.1
      source-map-js: 1.2.1

  react-dom@18.3.1(react@18.3.1):
    dependencies:
      loose-envify: 1.4.0
      react: 18.3.1
      scheduler: 0.23.2

  react@18.3.1:
    dependencies:
      loose-envify: 1.4.0

  ripemd160-min@0.0.6: {}

  safe-buffer@5.2.1: {}

  scheduler@0.23.2:
    dependencies:
      loose-envify: 1.4.0

  schema-inspector@2.1.0:
    dependencies:
      async: 2.6.4

  source-map-js@1.2.1: {}

  streamsearch@1.1.0: {}

  styled-jsx@5.1.1(react@18.3.1):
    dependencies:
      client-only: 0.0.1
      react: 18.3.1

  tr46@0.0.3: {}

  tslib@2.8.1: {}

  typescript@5.9.3: {}

  undici-types@5.26.5: {}

  undici-types@6.21.0: {}

  varuint-bitcoin@1.1.2:
    dependencies:
      safe-buffer: 5.2.1

  webidl-conversions@3.0.1: {}

  whatwg-url@5.0.0:
    dependencies:
      tr46: 0.0.3
      webidl-conversions: 3.0.1

  zone-file@2.0.0-beta.3: {}
